// !$*UTF8*$!
{
	archiveVersion = 1;
	classes = {
	};
	objectVersion = 45;
	objects = {

/* Begin PBXBuildFile section */
		1D3623260D0F684500981E51 /* CountMoneyAppDelegate.m in Sources */ = {isa = PBXBuildFile; fileRef = 1D3623250D0F684500981E51 /* CountMoneyAppDelegate.m */; };
		1D60589B0D05DD56006BFB54 /* main.m in Sources */ = {isa = PBXBuildFile; fileRef = 29B97316FDCFA39411CA2CEA /* main.m */; };
		1D60589F0D05DD5A006BFB54 /* Foundation.framework in Frameworks */ = {isa = PBXBuildFile; fileRef = 1D30AB110D05D00D00671497 /* Foundation.framework */; };
		1DF5F4E00D08C38300B7A737 /* UIKit.framework in Frameworks */ = {isa = PBXBuildFile; fileRef = 1DF5F4DF0D08C38300B7A737 /* UIKit.framework */; };
		286EC6E012E71DB70076A3F4 /* SoundEngine.cpp in Sources */ = {isa = PBXBuildFile; fileRef = 286EC6D912E71DB70076A3F4 /* SoundEngine.cpp */; };
		286EC6E212E71DB70076A3F4 /* GameStateManager.m in Sources */ = {isa = PBXBuildFile; fileRef = 286EC6DC12E71DB70076A3F4 /* GameStateManager.m */; };
		286EC6E312E71DB70076A3F4 /* GameState.m in Sources */ = {isa = PBXBuildFile; fileRef = 286EC6DE12E71DB70076A3F4 /* GameState.m */; };
		286EC6E812E71EA10076A3F4 /* CountMoneyViewController.m in Sources */ = {isa = PBXBuildFile; fileRef = 286EC6E612E71EA10076A3F4 /* CountMoneyViewController.m */; };
		286EC70312E720430076A3F4 /* OpenAL.framework in Frameworks */ = {isa = PBXBuildFile; fileRef = 286EC70212E720430076A3F4 /* OpenAL.framework */; };
		286EC70712E7204A0076A3F4 /* OpenGLES.framework in Frameworks */ = {isa = PBXBuildFile; fileRef = 286EC70612E7204A0076A3F4 /* OpenGLES.framework */; };
		286EC72612E721470076A3F4 /* AudioToolbox.framework in Frameworks */ = {isa = PBXBuildFile; fileRef = 286EC72512E721470076A3F4 /* AudioToolbox.framework */; };
		286EC72E12E7217D0076A3F4 /* GameMenu.m in Sources */ = {isa = PBXBuildFile; fileRef = 286EC72D12E7217D0076A3F4 /* GameMenu.m */; };
		286EC75012E7228A0076A3F4 /* MainMenu.xib in Resources */ = {isa = PBXBuildFile; fileRef = 286EC74F12E7228A0076A3F4 /* MainMenu.xib */; };
		286EC90812E72E990076A3F4 /* ai.png in Resources */ = {isa = PBXBuildFile; fileRef = 286EC90712E72E990076A3F4 /* ai.png */; };
		286EC91212E731680076A3F4 /* back.png in Resources */ = {isa = PBXBuildFile; fileRef = 286EC91112E731680076A3F4 /* back.png */; };
		286EC92C12E732AD0076A3F4 /* CountScene.m in Sources */ = {isa = PBXBuildFile; fileRef = 286EC92B12E732AD0076A3F4 /* CountScene.m */; };
		286EC92F12E732C70076A3F4 /* SettingScene.m in Sources */ = {isa = PBXBuildFile; fileRef = 286EC92E12E732C70076A3F4 /* SettingScene.m */; };
		286EC93112E732DC0076A3F4 /* SettingScene.xib in Resources */ = {isa = PBXBuildFile; fileRef = 286EC93012E732DC0076A3F4 /* SettingScene.xib */; };
		286EC94012E733E30076A3F4 /* CountScene.xib in Resources */ = {isa = PBXBuildFile; fileRef = 286EC93F12E733E30076A3F4 /* CountScene.xib */; };
		286EC99C12E737E00076A3F4 /* goBack.png in Resources */ = {isa = PBXBuildFile; fileRef = 286EC99B12E737E00076A3F4 /* goBack.png */; };
		288765A50DF7441C002DB57D /* CoreGraphics.framework in Frameworks */ = {isa = PBXBuildFile; fileRef = 288765A40DF7441C002DB57D /* CoreGraphics.framework */; };
		288ACE3F12E87FC3001A72F2 /* pageturn.wav in Resources */ = {isa = PBXBuildFile; fileRef = 288ACE3D12E87FC3001A72F2 /* pageturn.wav */; };
		288ACE4012E87FC3001A72F2 /* screenNewSound.wav in Resources */ = {isa = PBXBuildFile; fileRef = 288ACE3E12E87FC3001A72F2 /* screenNewSound.wav */; };
		288B6D6D12EA67FC004E68B5 /* timeBack.png in Resources */ = {isa = PBXBuildFile; fileRef = 288B6D6C12EA67FC004E68B5 /* timeBack.png */; };
		288B6E2E12EA9F27004E68B5 /* Default.png in Resources */ = {isa = PBXBuildFile; fileRef = 288B6E2D12EA9F27004E68B5 /* Default.png */; };
		288B6E3A12EAA0D7004E68B5 /* selectTouch.png in Resources */ = {isa = PBXBuildFile; fileRef = 288B6E3912EAA0D7004E68B5 /* selectTouch.png */; };
		288B6E3F12EAA175004E68B5 /* count.png in Resources */ = {isa = PBXBuildFile; fileRef = 288B6E3E12EAA175004E68B5 /* count.png */; };
		288B6E4612EAA269004E68B5 /* changebill.png in Resources */ = {isa = PBXBuildFile; fileRef = 288B6E4312EAA269004E68B5 /* changebill.png */; };
		288B6E4712EAA269004E68B5 /* changemoney.png in Resources */ = {isa = PBXBuildFile; fileRef = 288B6E4412EAA269004E68B5 /* changemoney.png */; };
		288B6E4812EAA269004E68B5 /* changetime.png in Resources */ = {isa = PBXBuildFile; fileRef = 288B6E4512EAA269004E68B5 /* changetime.png */; };
		288B6F4D12EAF55E004E68B5 /* pickback.png in Resources */ = {isa = PBXBuildFile; fileRef = 288B6F4C12EAF55E004E68B5 /* pickback.png */; };
		288B6F5012EAF562004E68B5 /* cancel.png in Resources */ = {isa = PBXBuildFile; fileRef = 288B6F4E12EAF562004E68B5 /* cancel.png */; };
		288B6F5112EAF562004E68B5 /* ok.png in Resources */ = {isa = PBXBuildFile; fileRef = 288B6F4F12EAF562004E68B5 /* ok.png */; };
		288B703E12EB0D24004E68B5 /* back_1.png in Resources */ = {isa = PBXBuildFile; fileRef = 288B703D12EB0D24004E68B5 /* back_1.png */; };
		288B712C12EB24A8004E68B5 /* jepan_1.png in Resources */ = {isa = PBXBuildFile; fileRef = 288B712612EB24A7004E68B5 /* jepan_1.png */; };
		288B712D12EB24A8004E68B5 /* jepan_2.png in Resources */ = {isa = PBXBuildFile; fileRef = 288B712712EB24A7004E68B5 /* jepan_2.png */; };
		288B712E12EB24A8004E68B5 /* rmb_1.png in Resources */ = {isa = PBXBuildFile; fileRef = 288B712812EB24A7004E68B5 /* rmb_1.png */; };
		288B712F12EB24A8004E68B5 /* rmb_2.png in Resources */ = {isa = PBXBuildFile; fileRef = 288B712912EB24A7004E68B5 /* rmb_2.png */; };
		288B713012EB24A8004E68B5 /* usa_1.png in Resources */ = {isa = PBXBuildFile; fileRef = 288B712A12EB24A7004E68B5 /* usa_1.png */; };
		288B713112EB24A8004E68B5 /* usa_2.png in Resources */ = {isa = PBXBuildFile; fileRef = 288B712B12EB24A8004E68B5 /* usa_2.png */; };
		288B719C12EB33A2004E68B5 /* tfclickbb.wav in Resources */ = {isa = PBXBuildFile; fileRef = 288B719B12EB33A2004E68B5 /* tfclickbb.wav */; };
		28AD733F0D9D9553002E5188 /* MainWindow.xib in Resources */ = {isa = PBXBuildFile; fileRef = 28AD733E0D9D9553002E5188 /* MainWindow.xib */; };
		28B115FB12EC2CF6009AEE1F /* money.png in Resources */ = {isa = PBXBuildFile; fileRef = 28B115F712EC2CF6009AEE1F /* money.png */; };
		28B115FC12EC2CF6009AEE1F /* time.png in Resources */ = {isa = PBXBuildFile; fileRef = 28B115F812EC2CF6009AEE1F /* time.png */; };
		28B115FD12EC2CF6009AEE1F /* setting.png in Resources */ = {isa = PBXBuildFile; fileRef = 28B115F912EC2CF6009AEE1F /* setting.png */; };
		28B115FE12EC2CF6009AEE1F /* play.png in Resources */ = {isa = PBXBuildFile; fileRef = 28B115FA12EC2CF6009AEE1F /* play.png */; };
		28B1164412EC2F10009AEE1F /* MyAlertView.m in Sources */ = {isa = PBXBuildFile; fileRef = 28B1164312EC2F10009AEE1F /* MyAlertView.m */; };
		28B1164812EC2F28009AEE1F /* MyAlertViewController.m in Sources */ = {isa = PBXBuildFile; fileRef = 28B1164612EC2F28009AEE1F /* MyAlertViewController.m */; };
		28B1164912EC2F28009AEE1F /* MyAlertViewController.xib in Resources */ = {isa = PBXBuildFile; fileRef = 28B1164712EC2F28009AEE1F /* MyAlertViewController.xib */; };
		28B1166012EC3357009AEE1F /* result_back.png in Resources */ = {isa = PBXBuildFile; fileRef = 28B1165F12EC3357009AEE1F /* result_back.png */; };
		28B1177C12EC502E009AEE1F /* Icon.png in Resources */ = {isa = PBXBuildFile; fileRef = 28B1177B12EC502E009AEE1F /* Icon.png */; };
		28B1178412EC506A009AEE1F /* fuck.png in Resources */ = {isa = PBXBuildFile; fileRef = 28B1178312EC506A009AEE1F /* fuck.png */; };
		28B117A012EC5A9C009AEE1F /* WelcomeScene.m in Sources */ = {isa = PBXBuildFile; fileRef = 28B1179F12EC5A9C009AEE1F /* WelcomeScene.m */; };
		28B117A212EC5AB6009AEE1F /* WelcomeScene.xib in Resources */ = {isa = PBXBuildFile; fileRef = 28B117A112EC5AB6009AEE1F /* WelcomeScene.xib */; };
		28B117F512EC5EAB009AEE1F /* GWCross.m in Sources */ = {isa = PBXBuildFile; fileRef = 28B117F412EC5EAB009AEE1F /* GWCross.m */; };
		28B1180212EC5ECF009AEE1F /* pro_back.png in Resources */ = {isa = PBXBuildFile; fileRef = 28B1180012EC5ECF009AEE1F /* pro_back.png */; };
		28B1180312EC5ECF009AEE1F /* pro.png in Resources */ = {isa = PBXBuildFile; fileRef = 28B1180112EC5ECF009AEE1F /* pro.png */; };
		28C79ED312E9BCF9006D7A62 /* 1.png in Resources */ = {isa = PBXBuildFile; fileRef = 28C79ECF12E9BCF9006D7A62 /* 1.png */; };
		28C79ED412E9BCF9006D7A62 /* 2.png in Resources */ = {isa = PBXBuildFile; fileRef = 28C79ED012E9BCF9006D7A62 /* 2.png */; };
		28C79ED512E9BCF9006D7A62 /* 3.png in Resources */ = {isa = PBXBuildFile; fileRef = 28C79ED112E9BCF9006D7A62 /* 3.png */; };
		28C79ED612E9BCF9006D7A62 /* start.png in Resources */ = {isa = PBXBuildFile; fileRef = 28C79ED212E9BCF9006D7A62 /* start.png */; };
		28C79F4012E9C0E6006D7A62 /* AVFoundation.framework in Frameworks */ = {isa = PBXBuildFile; fileRef = 28C79F3F12E9C0E6006D7A62 /* AVFoundation.framework */; };
		28C79F7F12E9C773006D7A62 /* se07_getmoney.wav in Resources */ = {isa = PBXBuildFile; fileRef = 28C79F7E12E9C773006D7A62 /* se07_getmoney.wav */; };
		28D047F012E86DDD00AF4B55 /* MainGameData.m in Sources */ = {isa = PBXBuildFile; fileRef = 28D047EF12E86DDD00AF4B55 /* MainGameData.m */; };
		28D0480A12E8721F00AF4B55 /* gameBack.png in Resources */ = {isa = PBXBuildFile; fileRef = 28D0480912E8721F00AF4B55 /* gameBack.png */; };
		28D0483812E8766D00AF4B55 /* SelectSecne.m in Sources */ = {isa = PBXBuildFile; fileRef = 28D0483712E8766D00AF4B55 /* SelectSecne.m */; };
		28D0483A12E8768400AF4B55 /* SelectSecne.xib in Resources */ = {isa = PBXBuildFile; fileRef = 28D0483912E8768400AF4B55 /* SelectSecne.xib */; };
/* End PBXBuildFile section */

/* Begin PBXFileReference section */
		1D30AB110D05D00D00671497 /* Foundation.framework */ = {isa = PBXFileReference; lastKnownFileType = wrapper.framework; name = Foundation.framework; path = System/Library/Frameworks/Foundation.framework; sourceTree = SDKROOT; };
		1D3623240D0F684500981E51 /* CountMoneyAppDelegate.h */ = {isa = PBXFileReference; fileEncoding = 4; lastKnownFileType = sourcecode.c.h; path = CountMoneyAppDelegate.h; sourceTree = "<group>"; };
		1D3623250D0F684500981E51 /* CountMoneyAppDelegate.m */ = {isa = PBXFileReference; fileEncoding = 4; lastKnownFileType = sourcecode.c.objc; path = CountMoneyAppDelegate.m; sourceTree = "<group>"; };
		1D6058910D05DD3D006BFB54 /* CountMoney.app */ = {isa = PBXFileReference; explicitFileType = wrapper.application; includeInIndex = 0; path = CountMoney.app; sourceTree = BUILT_PRODUCTS_DIR; };
		1DF5F4DF0D08C38300B7A737 /* UIKit.framework */ = {isa = PBXFileReference; lastKnownFileType = wrapper.framework; name = UIKit.framework; path = System/Library/Frameworks/UIKit.framework; sourceTree = SDKROOT; };
		286EC6D812E71DB70076A3F4 /* SoundEngine.h */ = {isa = PBXFileReference; fileEncoding = 4; lastKnownFileType = sourcecode.c.h; path = SoundEngine.h; sourceTree = "<group>"; };
		286EC6D912E71DB70076A3F4 /* SoundEngine.cpp */ = {isa = PBXFileReference; fileEncoding = 4; lastKnownFileType = sourcecode.cpp.cpp; path = SoundEngine.cpp; sourceTree = "<group>"; };
		286EC6DC12E71DB70076A3F4 /* GameStateManager.m */ = {isa = PBXFileReference; fileEncoding = 4; lastKnownFileType = sourcecode.c.objc; path = GameStateManager.m; sourceTree = "<group>"; };
		286EC6DD12E71DB70076A3F4 /* GameStateManager.h */ = {isa = PBXFileReference; fileEncoding = 4; lastKnownFileType = sourcecode.c.h; path = GameStateManager.h; sourceTree = "<group>"; };
		286EC6DE12E71DB70076A3F4 /* GameState.m */ = {isa = PBXFileReference; fileEncoding = 4; lastKnownFileType = sourcecode.c.objc; path = GameState.m; sourceTree = "<group>"; };
		286EC6DF12E71DB70076A3F4 /* GameState.h */ = {isa = PBXFileReference; fileEncoding = 4; lastKnownFileType = sourcecode.c.h; path = GameState.h; sourceTree = "<group>"; };
		286EC6E512E71EA10076A3F4 /* CountMoneyViewController.h */ = {isa = PBXFileReference; fileEncoding = 4; lastKnownFileType = sourcecode.c.h; path = CountMoneyViewController.h; sourceTree = "<group>"; };
		286EC6E612E71EA10076A3F4 /* CountMoneyViewController.m */ = {isa = PBXFileReference; fileEncoding = 4; lastKnownFileType = sourcecode.c.objc; path = CountMoneyViewController.m; sourceTree = "<group>"; };
		286EC70212E720430076A3F4 /* OpenAL.framework */ = {isa = PBXFileReference; lastKnownFileType = wrapper.framework; name = OpenAL.framework; path = System/Library/Frameworks/OpenAL.framework; sourceTree = SDKROOT; };
		286EC70612E7204A0076A3F4 /* OpenGLES.framework */ = {isa = PBXFileReference; lastKnownFileType = wrapper.framework; name = OpenGLES.framework; path = System/Library/Frameworks/OpenGLES.framework; sourceTree = SDKROOT; };
		286EC72512E721470076A3F4 /* AudioToolbox.framework */ = {isa = PBXFileReference; lastKnownFileType = wrapper.framework; name = AudioToolbox.framework; path = System/Library/Frameworks/AudioToolbox.framework; sourceTree = SDKROOT; };
		286EC72C12E7217D0076A3F4 /* GameMenu.h */ = {isa = PBXFileReference; fileEncoding = 4; lastKnownFileType = sourcecode.c.h; path = GameMenu.h; sourceTree = "<group>"; };
		286EC72D12E7217D0076A3F4 /* GameMenu.m */ = {isa = PBXFileReference; fileEncoding = 4; lastKnownFileType = sourcecode.c.objc; path = GameMenu.m; sourceTree = "<group>"; };
		286EC74F12E7228A0076A3F4 /* MainMenu.xib */ = {isa = PBXFileReference; lastKnownFileType = file.xib; name = MainMenu.xib; path = ../MainMenu.xib; sourceTree = "<group>"; };
		286EC90712E72E990076A3F4 /* ai.png */ = {isa = PBXFileReference; lastKnownFileType = image.png; path = ai.png; sourceTree = "<group>"; };
		286EC91112E731680076A3F4 /* back.png */ = {isa = PBXFileReference; lastKnownFileType = image.png; path = back.png; sourceTree = "<group>"; };
		286EC92A12E732AD0076A3F4 /* CountScene.h */ = {isa = PBXFileReference; fileEncoding = 4; lastKnownFileType = sourcecode.c.h; path = CountScene.h; sourceTree = "<group>"; };
		286EC92B12E732AD0076A3F4 /* CountScene.m */ = {isa = PBXFileReference; fileEncoding = 4; lastKnownFileType = sourcecode.c.objc; path = CountScene.m; sourceTree = "<group>"; };
		286EC92D12E732C70076A3F4 /* SettingScene.h */ = {isa = PBXFileReference; fileEncoding = 4; lastKnownFileType = sourcecode.c.h; path = SettingScene.h; sourceTree = "<group>"; };
		286EC92E12E732C70076A3F4 /* SettingScene.m */ = {isa = PBXFileReference; fileEncoding = 4; lastKnownFileType = sourcecode.c.objc; path = SettingScene.m; sourceTree = "<group>"; };
		286EC93012E732DC0076A3F4 /* SettingScene.xib */ = {isa = PBXFileReference; lastKnownFileType = file.xib; path = SettingScene.xib; sourceTree = "<group>"; };
		286EC93F12E733E30076A3F4 /* CountScene.xib */ = {isa = PBXFileReference; lastKnownFileType = file.xib; path = CountScene.xib; sourceTree = "<group>"; };
		286EC99B12E737E00076A3F4 /* goBack.png */ = {isa = PBXFileReference; lastKnownFileType = image.png; path = goBack.png; sourceTree = "<group>"; };
		288765A40DF7441C002DB57D /* CoreGraphics.framework */ = {isa = PBXFileReference; lastKnownFileType = wrapper.framework; name = CoreGraphics.framework; path = System/Library/Frameworks/CoreGraphics.framework; sourceTree = SDKROOT; };
		288ACE3D12E87FC3001A72F2 /* pageturn.wav */ = {isa = PBXFileReference; lastKnownFileType = audio.wav; path = pageturn.wav; sourceTree = "<group>"; };
		288ACE3E12E87FC3001A72F2 /* screenNewSound.wav */ = {isa = PBXFileReference; lastKnownFileType = audio.wav; path = screenNewSound.wav; sourceTree = "<group>"; };
		288B6D6C12EA67FC004E68B5 /* timeBack.png */ = {isa = PBXFileReference; lastKnownFileType = image.png; path = timeBack.png; sourceTree = "<group>"; };
		288B6E2D12EA9F27004E68B5 /* Default.png */ = {isa = PBXFileReference; lastKnownFileType = image.png; path = Default.png; sourceTree = "<group>"; };
		288B6E3912EAA0D7004E68B5 /* selectTouch.png */ = {isa = PBXFileReference; lastKnownFileType = image.png; path = selectTouch.png; sourceTree = "<group>"; };
		288B6E3E12EAA175004E68B5 /* count.png */ = {isa = PBXFileReference; lastKnownFileType = image.png; path = count.png; sourceTree = "<group>"; };
		288B6E4312EAA269004E68B5 /* changebill.png */ = {isa = PBXFileReference; lastKnownFileType = image.png; path = changebill.png; sourceTree = "<group>"; };
		288B6E4412EAA269004E68B5 /* changemoney.png */ = {isa = PBXFileReference; lastKnownFileType = image.png; path = changemoney.png; sourceTree = "<group>"; };
		288B6E4512EAA269004E68B5 /* changetime.png */ = {isa = PBXFileReference; lastKnownFileType = image.png; path = changetime.png; sourceTree = "<group>"; };
		288B6F4C12EAF55E004E68B5 /* pickback.png */ = {isa = PBXFileReference; lastKnownFileType = image.png; path = pickback.png; sourceTree = "<group>"; };
		288B6F4E12EAF562004E68B5 /* cancel.png */ = {isa = PBXFileReference; lastKnownFileType = image.png; path = cancel.png; sourceTree = "<group>"; };
		288B6F4F12EAF562004E68B5 /* ok.png */ = {isa = PBXFileReference; lastKnownFileType = image.png; path = ok.png; sourceTree = "<group>"; };
		288B703D12EB0D24004E68B5 /* back_1.png */ = {isa = PBXFileReference; lastKnownFileType = image.png; path = back_1.png; sourceTree = "<group>"; };
		288B712612EB24A7004E68B5 /* jepan_1.png */ = {isa = PBXFileReference; lastKnownFileType = image.png; path = jepan_1.png; sourceTree = "<group>"; };
		288B712712EB24A7004E68B5 /* jepan_2.png */ = {isa = PBXFileReference; lastKnownFileType = image.png; path = jepan_2.png; sourceTree = "<group>"; };
		288B712812EB24A7004E68B5 /* rmb_1.png */ = {isa = PBXFileReference; lastKnownFileType = image.png; path = rmb_1.png; sourceTree = "<group>"; };
		288B712912EB24A7004E68B5 /* rmb_2.png */ = {isa = PBXFileReference; lastKnownFileType = image.png; path = rmb_2.png; sourceTree = "<group>"; };
		288B712A12EB24A7004E68B5 /* usa_1.png */ = {isa = PBXFileReference; lastKnownFileType = image.png; path = usa_1.png; sourceTree = "<group>"; };
		288B712B12EB24A8004E68B5 /* usa_2.png */ = {isa = PBXFileReference; lastKnownFileType = image.png; path = usa_2.png; sourceTree = "<group>"; };
		288B719B12EB33A2004E68B5 /* tfclickbb.wav */ = {isa = PBXFileReference; lastKnownFileType = audio.wav; path = tfclickbb.wav; sourceTree = "<group>"; };
		28AD733E0D9D9553002E5188 /* MainWindow.xib */ = {isa = PBXFileReference; lastKnownFileType = file.xib; path = MainWindow.xib; sourceTree = "<group>"; };
		28B115F712EC2CF6009AEE1F /* money.png */ = {isa = PBXFileReference; lastKnownFileType = image.png; path = money.png; sourceTree = "<group>"; };
		28B115F812EC2CF6009AEE1F /* time.png */ = {isa = PBXFileReference; lastKnownFileType = image.png; path = time.png; sourceTree = "<group>"; };
		28B115F912EC2CF6009AEE1F /* setting.png */ = {isa = PBXFileReference; lastKnownFileType = image.png; path = setting.png; sourceTree = "<group>"; };
		28B115FA12EC2CF6009AEE1F /* play.png */ = {isa = PBXFileReference; lastKnownFileType = image.png; path = play.png; sourceTree = "<group>"; };
		28B1164212EC2F10009AEE1F /* MyAlertView.h */ = {isa = PBXFileReference; fileEncoding = 4; lastKnownFileType = sourcecode.c.h; path = MyAlertView.h; sourceTree = "<group>"; };
		28B1164312EC2F10009AEE1F /* MyAlertView.m */ = {isa = PBXFileReference; fileEncoding = 4; lastKnownFileType = sourcecode.c.objc; path = MyAlertView.m; sourceTree = "<group>"; };
		28B1164512EC2F28009AEE1F /* MyAlertViewController.h */ = {isa = PBXFileReference; fileEncoding = 4; lastKnownFileType = sourcecode.c.h; path = MyAlertViewController.h; sourceTree = "<group>"; };
		28B1164612EC2F28009AEE1F /* MyAlertViewController.m */ = {isa = PBXFileReference; fileEncoding = 4; lastKnownFileType = sourcecode.c.objc; path = MyAlertViewController.m; sourceTree = "<group>"; };
		28B1164712EC2F28009AEE1F /* MyAlertViewController.xib */ = {isa = PBXFileReference; lastKnownFileType = file.xib; path = MyAlertViewController.xib; sourceTree = "<group>"; };
		28B1165F12EC3357009AEE1F /* result_back.png */ = {isa = PBXFileReference; lastKnownFileType = image.png; path = result_back.png; sourceTree = "<group>"; };
		28B1177B12EC502E009AEE1F /* Icon.png */ = {isa = PBXFileReference; lastKnownFileType = image.png; path = Icon.png; sourceTree = "<group>"; };
		28B1178312EC506A009AEE1F /* fuck.png */ = {isa = PBXFileReference; lastKnownFileType = image.png; path = fuck.png; sourceTree = "<group>"; };
		28B1179E12EC5A9C009AEE1F /* WelcomeScene.h */ = {isa = PBXFileReference; fileEncoding = 4; lastKnownFileType = sourcecode.c.h; path = WelcomeScene.h; sourceTree = "<group>"; };
		28B1179F12EC5A9C009AEE1F /* WelcomeScene.m */ = {isa = PBXFileReference; fileEncoding = 4; lastKnownFileType = sourcecode.c.objc; path = WelcomeScene.m; sourceTree = "<group>"; };
		28B117A112EC5AB6009AEE1F /* WelcomeScene.xib */ = {isa = PBXFileReference; lastKnownFileType = file.xib; path = WelcomeScene.xib; sourceTree = "<group>"; };
		28B117F312EC5EAB009AEE1F /* GWCross.h */ = {isa = PBXFileReference; fileEncoding = 4; lastKnownFileType = sourcecode.c.h; path = GWCross.h; sourceTree = "<group>"; };
		28B117F412EC5EAB009AEE1F /* GWCross.m */ = {isa = PBXFileReference; fileEncoding = 4; lastKnownFileType = sourcecode.c.objc; path = GWCross.m; sourceTree = "<group>"; };
		28B1180012EC5ECF009AEE1F /* pro_back.png */ = {isa = PBXFileReference; lastKnownFileType = image.png; path = pro_back.png; sourceTree = "<group>"; };
		28B1180112EC5ECF009AEE1F /* pro.png */ = {isa = PBXFileReference; lastKnownFileType = image.png; path = pro.png; sourceTree = "<group>"; };
		28C79ECF12E9BCF9006D7A62 /* 1.png */ = {isa = PBXFileReference; lastKnownFileType = image.png; path = 1.png; sourceTree = "<group>"; };
		28C79ED012E9BCF9006D7A62 /* 2.png */ = {isa = PBXFileReference; lastKnownFileType = image.png; path = 2.png; sourceTree = "<group>"; };
		28C79ED112E9BCF9006D7A62 /* 3.png */ = {isa = PBXFileReference; lastKnownFileType = image.png; path = 3.png; sourceTree = "<group>"; };
		28C79ED212E9BCF9006D7A62 /* start.png */ = {isa = PBXFileReference; lastKnownFileType = image.png; path = start.png; sourceTree = "<group>"; };
		28C79F3F12E9C0E6006D7A62 /* AVFoundation.framework */ = {isa = PBXFileReference; lastKnownFileType = wrapper.framework; name = AVFoundation.framework; path = System/Library/Frameworks/AVFoundation.framework; sourceTree = SDKROOT; };
		28C79F7E12E9C773006D7A62 /* se07_getmoney.wav */ = {isa = PBXFileReference; lastKnownFileType = audio.wav; path = se07_getmoney.wav; sourceTree = "<group>"; };
		28D047EE12E86DDD00AF4B55 /* MainGameData.h */ = {isa = PBXFileReference; fileEncoding = 4; lastKnownFileType = sourcecode.c.h; path = MainGameData.h; sourceTree = "<group>"; };
		28D047EF12E86DDD00AF4B55 /* MainGameData.m */ = {isa = PBXFileReference; fileEncoding = 4; lastKnownFileType = sourcecode.c.objc; path = MainGameData.m; sourceTree = "<group>"; };
		28D0480912E8721F00AF4B55 /* gameBack.png */ = {isa = PBXFileReference; lastKnownFileType = image.png; path = gameBack.png; sourceTree = "<group>"; };
		28D0483612E8766D00AF4B55 /* SelectSecne.h */ = {isa = PBXFileReference; fileEncoding = 4; lastKnownFileType = sourcecode.c.h; path = SelectSecne.h; sourceTree = "<group>"; };
		28D0483712E8766D00AF4B55 /* SelectSecne.m */ = {isa = PBXFileReference; fileEncoding = 4; lastKnownFileType = sourcecode.c.objc; path = SelectSecne.m; sourceTree = "<group>"; };
		28D0483912E8768400AF4B55 /* SelectSecne.xib */ = {isa = PBXFileReference; lastKnownFileType = file.xib; path = SelectSecne.xib; sourceTree = "<group>"; };
		29B97316FDCFA39411CA2CEA /* main.m */ = {isa = PBXFileReference; fileEncoding = 4; lastKnownFileType = sourcecode.c.objc; path = main.m; sourceTree = "<group>"; };
		32CA4F630368D1EE00C91783 /* CountMoney_Prefix.pch */ = {isa = PBXFileReference; fileEncoding = 4; lastKnownFileType = sourcecode.c.h; path = CountMoney_Prefix.pch; sourceTree = "<group>"; };
		8D1107310486CEB800E47090 /* CountMoney-Info.plist */ = {isa = PBXFileReference; fileEncoding = 4; lastKnownFileType = text.plist.xml; path = "CountMoney-Info.plist"; plistStructureDefinitionIdentifier = "com.apple.xcode.plist.structure-definition.iphone.info-plist"; sourceTree = "<group>"; };
/* End PBXFileReference section */

/* Begin PBXFrameworksBuildPhase section */
		1D60588F0D05DD3D006BFB54 /* Frameworks */ = {
			isa = PBXFrameworksBuildPhase;
			buildActionMask = 2147483647;
			files = (
				1D60589F0D05DD5A006BFB54 /* Foundation.framework in Frameworks */,
				1DF5F4E00D08C38300B7A737 /* UIKit.framework in Frameworks */,
				288765A50DF7441C002DB57D /* CoreGraphics.framework in Frameworks */,
				286EC70312E720430076A3F4 /* OpenAL.framework in Frameworks */,
				286EC70712E7204A0076A3F4 /* OpenGLES.framework in Frameworks */,
				286EC72612E721470076A3F4 /* AudioToolbox.framework in Frameworks */,
				28C79F4012E9C0E6006D7A62 /* AVFoundation.framework in Frameworks */,
			);
			runOnlyForDeploymentPostprocessing = 0;
		};
/* End PBXFrameworksBuildPhase section */

/* Begin PBXGroup section */
		080E96DDFE201D6D7F000001 /* Classes */ = {
			isa = PBXGroup;
			children = (
				28B1162412EC2EAC009AEE1F /* AlertView */,
				1D3623240D0F684500981E51 /* CountMoneyAppDelegate.h */,
				1D3623250D0F684500981E51 /* CountMoneyAppDelegate.m */,
				286EC6E512E71EA10076A3F4 /* CountMoneyViewController.h */,
				286EC6E612E71EA10076A3F4 /* CountMoneyViewController.m */,
				286EC72C12E7217D0076A3F4 /* GameMenu.h */,
				286EC72D12E7217D0076A3F4 /* GameMenu.m */,
				286EC74F12E7228A0076A3F4 /* MainMenu.xib */,
				28D0483612E8766D00AF4B55 /* SelectSecne.h */,
				28D0483712E8766D00AF4B55 /* SelectSecne.m */,
				28D0483912E8768400AF4B55 /* SelectSecne.xib */,
				28B1179E12EC5A9C009AEE1F /* WelcomeScene.h */,
				28B1179F12EC5A9C009AEE1F /* WelcomeScene.m */,
				28B117A112EC5AB6009AEE1F /* WelcomeScene.xib */,
				28B117F312EC5EAB009AEE1F /* GWCross.h */,
				28B117F412EC5EAB009AEE1F /* GWCross.m */,
				28D047F112E86DED00AF4B55 /* data */,
				286EC72B12E721590076A3F4 /* Game */,
				286EC6D712E71DB70076A3F4 /* Framework */,
			);
			path = Classes;
			sourceTree = "<group>";
		};
		19C28FACFE9D520D11CA2CBB /* Products */ = {
			isa = PBXGroup;
			children = (
				1D6058910D05DD3D006BFB54 /* CountMoney.app */,
			);
			name = Products;
			sourceTree = "<group>";
		};
		286EC6D712E71DB70076A3F4 /* Framework */ = {
			isa = PBXGroup;
			children = (
				286EC6D812E71DB70076A3F4 /* SoundEngine.h */,
				286EC6D912E71DB70076A3F4 /* SoundEngine.cpp */,
				286EC6DD12E71DB70076A3F4 /* GameStateManager.h */,
				286EC6DC12E71DB70076A3F4 /* GameStateManager.m */,
				286EC6DE12E71DB70076A3F4 /* GameState.m */,
				286EC6DF12E71DB70076A3F4 /* GameState.h */,
			);
			name = Framework;
			sourceTree = "<group>";
		};
		286EC72B12E721590076A3F4 /* Game */ = {
			isa = PBXGroup;
			children = (
				286EC92A12E732AD0076A3F4 /* CountScene.h */,
				286EC92B12E732AD0076A3F4 /* CountScene.m */,
				286EC93F12E733E30076A3F4 /* CountScene.xib */,
				286EC92D12E732C70076A3F4 /* SettingScene.h */,
				286EC92E12E732C70076A3F4 /* SettingScene.m */,
				286EC93012E732DC0076A3F4 /* SettingScene.xib */,
			);
			name = Game;
			sourceTree = "<group>";
		};
		28B1162412EC2EAC009AEE1F /* AlertView */ = {
			isa = PBXGroup;
			children = (
				28B1164212EC2F10009AEE1F /* MyAlertView.h */,
				28B1164312EC2F10009AEE1F /* MyAlertView.m */,
				28B1164512EC2F28009AEE1F /* MyAlertViewController.h */,
				28B1164612EC2F28009AEE1F /* MyAlertViewController.m */,
				28B1164712EC2F28009AEE1F /* MyAlertViewController.xib */,
			);
			name = AlertView;
			sourceTree = "<group>";
		};
		28D047F112E86DED00AF4B55 /* data */ = {
			isa = PBXGroup;
			children = (
				28D047EE12E86DDD00AF4B55 /* MainGameData.h */,
				28D047EF12E86DDD00AF4B55 /* MainGameData.m */,
			);
			name = data;
			sourceTree = "<group>";
		};
		29B97314FDCFA39411CA2CEA /* CustomTemplate */ = {
			isa = PBXGroup;
			children = (
				080E96DDFE201D6D7F000001 /* Classes */,
				29B97315FDCFA39411CA2CEA /* Other Sources */,
				29B97317FDCFA39411CA2CEA /* Resources */,
				29B97323FDCFA39411CA2CEA /* Frameworks */,
				19C28FACFE9D520D11CA2CBB /* Products */,
				28C79F3F12E9C0E6006D7A62 /* AVFoundation.framework */,
			);
			name = CustomTemplate;
			sourceTree = "<group>";
		};
		29B97315FDCFA39411CA2CEA /* Other Sources */ = {
			isa = PBXGroup;
			children = (
				32CA4F630368D1EE00C91783 /* CountMoney_Prefix.pch */,
				29B97316FDCFA39411CA2CEA /* main.m */,
			);
			name = "Other Sources";
			sourceTree = "<group>";
		};
		29B97317FDCFA39411CA2CEA /* Resources */ = {
			isa = PBXGroup;
			children = (
				288B6E4312EAA269004E68B5 /* changebill.png */,
				288B6E4412EAA269004E68B5 /* changemoney.png */,
				288B719B12EB33A2004E68B5 /* tfclickbb.wav */,
				288B6E4512EAA269004E68B5 /* changetime.png */,
				28AD733E0D9D9553002E5188 /* MainWindow.xib */,
				288B703D12EB0D24004E68B5 /* back_1.png */,
				28B1180012EC5ECF009AEE1F /* pro_back.png */,
				28B1180112EC5ECF009AEE1F /* pro.png */,
				28D0480912E8721F00AF4B55 /* gameBack.png */,
				288B6D6C12EA67FC004E68B5 /* timeBack.png */,
				286EC99B12E737E00076A3F4 /* goBack.png */,
				288B6E3912EAA0D7004E68B5 /* selectTouch.png */,
				288B6F4E12EAF562004E68B5 /* cancel.png */,
				288B6F4F12EAF562004E68B5 /* ok.png */,
				288B712612EB24A7004E68B5 /* jepan_1.png */,
				288B712712EB24A7004E68B5 /* jepan_2.png */,
				288B712812EB24A7004E68B5 /* rmb_1.png */,
				288B712912EB24A7004E68B5 /* rmb_2.png */,
				28B115F712EC2CF6009AEE1F /* money.png */,
				28B115F812EC2CF6009AEE1F /* time.png */,
				28B115F912EC2CF6009AEE1F /* setting.png */,
				28B1178312EC506A009AEE1F /* fuck.png */,
				28B1177B12EC502E009AEE1F /* Icon.png */,
				28B115FA12EC2CF6009AEE1F /* play.png */,
				288B712A12EB24A7004E68B5 /* usa_1.png */,
				288B712B12EB24A8004E68B5 /* usa_2.png */,
				288B6F4C12EAF55E004E68B5 /* pickback.png */,
				288ACE3D12E87FC3001A72F2 /* pageturn.wav */,
				28B1165F12EC3357009AEE1F /* result_back.png */,
				288B6E3E12EAA175004E68B5 /* count.png */,
				28C79ECF12E9BCF9006D7A62 /* 1.png */,
				28C79ED012E9BCF9006D7A62 /* 2.png */,
				28C79ED112E9BCF9006D7A62 /* 3.png */,
				28C79ED212E9BCF9006D7A62 /* start.png */,
				288ACE3E12E87FC3001A72F2 /* screenNewSound.wav */,
				286EC91112E731680076A3F4 /* back.png */,
				288B6E2D12EA9F27004E68B5 /* Default.png */,
				28C79F7E12E9C773006D7A62 /* se07_getmoney.wav */,
				286EC90712E72E990076A3F4 /* ai.png */,
				8D1107310486CEB800E47090 /* CountMoney-Info.plist */,
			);
			name = Resources;
			sourceTree = "<group>";
		};
		29B97323FDCFA39411CA2CEA /* Frameworks */ = {
			isa = PBXGroup;
			children = (
				1DF5F4DF0D08C38300B7A737 /* UIKit.framework */,
				1D30AB110D05D00D00671497 /* Foundation.framework */,
				288765A40DF7441C002DB57D /* CoreGraphics.framework */,
				286EC70212E720430076A3F4 /* OpenAL.framework */,
				286EC70612E7204A0076A3F4 /* OpenGLES.framework */,
				286EC72512E721470076A3F4 /* AudioToolbox.framework */,
			);
			name = Frameworks;
			sourceTree = "<group>";
		};
/* End PBXGroup section */

/* Begin PBXNativeTarget section */
		1D6058900D05DD3D006BFB54 /* CountMoney */ = {
			isa = PBXNativeTarget;
			buildConfigurationList = 1D6058960D05DD3E006BFB54 /* Build configuration list for PBXNativeTarget "CountMoney" */;
			buildPhases = (
				1D60588D0D05DD3D006BFB54 /* Resources */,
				1D60588E0D05DD3D006BFB54 /* Sources */,
				1D60588F0D05DD3D006BFB54 /* Frameworks */,
			);
			buildRules = (
			);
			dependencies = (
			);
			name = CountMoney;
			productName = CountMoney;
			productReference = 1D6058910D05DD3D006BFB54 /* CountMoney.app */;
			productType = "com.apple.product-type.application";
		};
/* End PBXNativeTarget section */

/* Begin PBXProject section */
		29B97313FDCFA39411CA2CEA /* Project object */ = {
			isa = PBXProject;
			buildConfigurationList = C01FCF4E08A954540054247B /* Build configuration list for PBXProject "CountMoney" */;
			compatibilityVersion = "Xcode 3.1";
			developmentRegion = English;
			hasScannedForEncodings = 1;
			knownRegions = (
				English,
				Japanese,
				French,
				German,
			);
			mainGroup = 29B97314FDCFA39411CA2CEA /* CustomTemplate */;
			projectDirPath = "";
			projectRoot = "";
			targets = (
				1D6058900D05DD3D006BFB54 /* CountMoney */,
			);
		};
/* End PBXProject section */

/* Begin PBXResourcesBuildPhase section */
		1D60588D0D05DD3D006BFB54 /* Resources */ = {
			isa = PBXResourcesBuildPhase;
			buildActionMask = 2147483647;
			files = (
				28AD733F0D9D9553002E5188 /* MainWindow.xib in Resources */,
				286EC75012E7228A0076A3F4 /* MainMenu.xib in Resources */,
				286EC90812E72E990076A3F4 /* ai.png in Resources */,
				286EC91212E731680076A3F4 /* back.png in Resources */,
				286EC93112E732DC0076A3F4 /* SettingScene.xib in Resources */,
				286EC94012E733E30076A3F4 /* CountScene.xib in Resources */,
				286EC99C12E737E00076A3F4 /* goBack.png in Resources */,
				28D0480A12E8721F00AF4B55 /* gameBack.png in Resources */,
				28D0483A12E8768400AF4B55 /* SelectSecne.xib in Resources */,
				288ACE3F12E87FC3001A72F2 /* pageturn.wav in Resources */,
				288ACE4012E87FC3001A72F2 /* screenNewSound.wav in Resources */,
				28C79ED312E9BCF9006D7A62 /* 1.png in Resources */,
				28C79ED412E9BCF9006D7A62 /* 2.png in Resources */,
				28C79ED512E9BCF9006D7A62 /* 3.png in Resources */,
				28C79ED612E9BCF9006D7A62 /* start.png in Resources */,
				28C79F7F12E9C773006D7A62 /* se07_getmoney.wav in Resources */,
				288B6D6D12EA67FC004E68B5 /* timeBack.png in Resources */,
				288B6E2E12EA9F27004E68B5 /* Default.png in Resources */,
				288B6E3A12EAA0D7004E68B5 /* selectTouch.png in Resources */,
				288B6E3F12EAA175004E68B5 /* count.png in Resources */,
				288B6E4612EAA269004E68B5 /* changebill.png in Resources */,
				288B6E4712EAA269004E68B5 /* changemoney.png in Resources */,
				288B6E4812EAA269004E68B5 /* changetime.png in Resources */,
				288B6F4D12EAF55E004E68B5 /* pickback.png in Resources */,
				288B6F5012EAF562004E68B5 /* cancel.png in Resources */,
				288B6F5112EAF562004E68B5 /* ok.png in Resources */,
				288B703E12EB0D24004E68B5 /* back_1.png in Resources */,
				288B712C12EB24A8004E68B5 /* jepan_1.png in Resources */,
				288B712D12EB24A8004E68B5 /* jepan_2.png in Resources */,
				288B712E12EB24A8004E68B5 /* rmb_1.png in Resources */,
				288B712F12EB24A8004E68B5 /* rmb_2.png in Resources */,
				288B713012EB24A8004E68B5 /* usa_1.png in Resources */,
				288B713112EB24A8004E68B5 /* usa_2.png in Resources */,
				288B719C12EB33A2004E68B5 /* tfclickbb.wav in Resources */,
				28B115FB12EC2CF6009AEE1F /* money.png in Resources */,
				28B115FC12EC2CF6009AEE1F /* time.png in Resources */,
				28B115FD12EC2CF6009AEE1F /* setting.png in Resources */,
				28B115FE12EC2CF6009AEE1F /* play.png in Resources */,
				28B1164912EC2F28009AEE1F /* MyAlertViewController.xib in Resources */,
				28B1166012EC3357009AEE1F /* result_back.png in Resources */,
				28B1177C12EC502E009AEE1F /* Icon.png in Resources */,
				28B1178412EC506A009AEE1F /* fuck.png in Resources */,
				28B117A212EC5AB6009AEE1F /* WelcomeScene.xib in Resources */,
				28B1180212EC5ECF009AEE1F /* pro_back.png in Resources */,
				28B1180312EC5ECF009AEE1F /* pro.png in Resources */,
			);
			runOnlyForDeploymentPostprocessing = 0;
		};
/* End PBXResourcesBuildPhase section */

/* Begin PBXSourcesBuildPhase section */
		1D60588E0D05DD3D006BFB54 /* Sources */ = {
			isa = PBXSourcesBuildPhase;
			buildActionMask = 2147483647;
			files = (
				1D60589B0D05DD56006BFB54 /* main.m in Sources */,
				1D3623260D0F684500981E51 /* CountMoneyAppDelegate.m in Sources */,
				286EC6E012E71DB70076A3F4 /* SoundEngine.cpp in Sources */,
				286EC6E212E71DB70076A3F4 /* GameStateManager.m in Sources */,
				286EC6E312E71DB70076A3F4 /* GameState.m in Sources */,
				286EC6E812E71EA10076A3F4 /* CountMoneyViewController.m in Sources */,
				286EC72E12E7217D0076A3F4 /* GameMenu.m in Sources */,
				286EC92C12E732AD0076A3F4 /* CountScene.m in Sources */,
				286EC92F12E732C70076A3F4 /* SettingScene.m in Sources */,
				28D047F012E86DDD00AF4B55 /* MainGameData.m in Sources */,
				28D0483812E8766D00AF4B55 /* SelectSecne.m in Sources */,
				28B1164412EC2F10009AEE1F /* MyAlertView.m in Sources */,
				28B1164812EC2F28009AEE1F /* MyAlertViewController.m in Sources */,
				28B117A012EC5A9C009AEE1F /* WelcomeScene.m in Sources */,
				28B117F512EC5EAB009AEE1F /* GWCross.m in Sources */,
			);
			runOnlyForDeploymentPostprocessing = 0;
		};
/* End PBXSourcesBuildPhase section */

/* Begin XCBuildConfiguration section */
		1D6058940D05DD3E006BFB54 /* Debug */ = {
			isa = XCBuildConfiguration;
			buildSettings = {
				ALWAYS_SEARCH_USER_PATHS = NO;
				COPY_PHASE_STRIP = NO;
				GCC_DYNAMIC_NO_PIC = NO;
				GCC_OPTIMIZATION_LEVEL = 0;
				GCC_PRECOMPILE_PREFIX_HEADER = YES;
				GCC_PREFIX_HEADER = CountMoney_Prefix.pch;
				INFOPLIST_FILE = "CountMoney-Info.plist";
				PRODUCT_NAME = CountMoney;
			};
			name = Debug;
		};
		1D6058950D05DD3E006BFB54 /* Release */ = {
			isa = XCBuildConfiguration;
			buildSettings = {
				ALWAYS_SEARCH_USER_PATHS = NO;
				COPY_PHASE_STRIP = YES;
				GCC_PRECOMPILE_PREFIX_HEADER = YES;
				GCC_PREFIX_HEADER = CountMoney_Prefix.pch;
				INFOPLIST_FILE = "CountMoney-Info.plist";
				PRODUCT_NAME = CountMoney;
				VALIDATE_PRODUCT = YES;
			};
			name = Release;
		};
		C01FCF4F08A954540054247B /* Debug */ = {
			isa = XCBuildConfiguration;
			buildSettings = {
				ARCHS = "$(ARCHS_STANDARD_32_BIT)";
				"CODE_SIGN_IDENTITY[sdk=iphoneos*]" = "iPhone Developer";
				GCC_C_LANGUAGE_STANDARD = c99;
				GCC_WARN_ABOUT_RETURN_TYPE = YES;
				GCC_WARN_UNUSED_VARIABLE = YES;
				PREBINDING = NO;
				SDKROOT = iphoneos;
			};
			name = Debug;
		};
		C01FCF5008A954540054247B /* Release */ = {
			isa = XCBuildConfiguration;
			buildSettings = {
				ARCHS = "$(ARCHS_STANDARD_32_BIT)";
				"CODE_SIGN_IDENTITY[sdk=iphoneos*]" = "iPhone Developer";
				GCC_C_LANGUAGE_STANDARD = c99;
				GCC_WARN_ABOUT_RETURN_TYPE = YES;
				GCC_WARN_UNUSED_VARIABLE = YES;
				OTHER_CFLAGS = "-DNS_BLOCK_ASSERTIONS=1";
				PREBINDING = NO;
				SDKROOT = iphoneos;
			};
			name = Release;
		};
/* End XCBuildConfiguration section */

/* Begin XCConfigurationList section */
		1D6058960D05DD3E006BFB54 /* Build configuration list for PBXNativeTarget "CountMoney" */ = {
			isa = XCConfigurationList;
			buildConfigurations = (
				1D6058940D05DD3E006BFB54 /* Debug */,
				1D6058950D05DD3E006BFB54 /* Release */,
			);
			defaultConfigurationIsVisible = 0;
			defaultConfigurationName = Release;
		};
		C01FCF4E08A954540054247B /* Build configuration list for PBXProject "CountMoney" */ = {
			isa = XCConfigurationList;
			buildConfigurations = (
				C01FCF4F08A954540054247B /* Debug */,
				C01FCF5008A954540054247B /* Release */,
			);
			defaultConfigurationIsVisible = 0;
			defaultConfigurationName = Release;
		};
/* End XCConfigurationList section */
	};
	rootObject = 29B97313FDCFA39411CA2CEA /* Project object */;
}
